
Microsoft Visual Studio Solution File, Format Version 12.00
# Visual Studio Version 17
VisualStudioVersion = 17.9.34622.214
MinimumVisualStudioVersion = 10.0.40219.1
Project("{9A19103F-16F7-4668-BE54-9A1E7A4F7556}") = "WebAPI", "H5MiniSvendeprøveS&M\WebAPI.csproj", "{43D8C4FE-FA61-4AC0-9169-F5D21DDFEF1C}"
EndProject
Project("{9A19103F-16F7-4668-BE54-9A1E7A4F7556}") = "MauiApp", "FrivilligApp\MauiApp.csproj", "{C04E3F15-09DC-4040-B0C3-B295FDA54091}"
EndProject
Project("{9A19103F-16F7-4668-BE54-9A1E7A4F7556}") = "BackendModels", "BackendModels\BackendModels.csproj", "{FE91079E-2673-489D-A98F-FAF49C7D7A57}"
EndProject
Project("{2150E333-8FDC-42A3-9474-1A3956D46DE8}") = "BlazorWeb", "BlazorWeb", "{2BCB4462-0EC1-434F-AB6E-A900D4245D95}"
EndProject
Project("{2150E333-8FDC-42A3-9474-1A3956D46DE8}") = "MauiApp", "MauiApp", "{48D09BE2-ACEE-4A61-8E3A-465A1C7A9FF7}"
EndProject
Project("{2150E333-8FDC-42A3-9474-1A3956D46DE8}") = "API", "API", "{7B217216-1DE9-40BB-AF96-ECA4BC34698A}"
EndProject
Project("{2150E333-8FDC-42A3-9474-1A3956D46DE8}") = "Models", "Models", "{8A41B830-6152-4EBE-826A-90220612AEA4}"
EndProject
Project("{9A19103F-16F7-4668-BE54-9A1E7A4F7556}") = "FrontendModels", "FrontendModels\FrontendModels.csproj", "{B53F5002-1B53-4047-9B42-392416AB8D01}"
EndProject
Project("{9A19103F-16F7-4668-BE54-9A1E7A4F7556}") = "ApiRepository", "ApiRepository\ApiRepository.csproj", "{D490090B-7D52-49D5-84C9-99D1600C7D24}"
EndProject
Project("{9A19103F-16F7-4668-BE54-9A1E7A4F7556}") = "ApiDBlayer", "ApiDBlayer\ApiDBlayer.csproj", "{B0D2EB61-EE10-4EA2-92DD-F6B1D377ADC2}"
EndProject
Project("{9A19103F-16F7-4668-BE54-9A1E7A4F7556}") = "BlazorRepository", "BlazorRepo\BlazorRepository.csproj", "{7EAF6314-A4E3-466D-9CC8-62773FBBF96E}"
EndProject
Project("{9A19103F-16F7-4668-BE54-9A1E7A4F7556}") = "BlazorDBlayer", "BlazorDBlayer\BlazorDBlayer.csproj", "{485DE9E6-AEBB-4D29-887A-677544F2F72A}"
EndProject
Project("{9A19103F-16F7-4668-BE54-9A1E7A4F7556}") = "MauiRepository", "MauiRepository\MauiRepository.csproj", "{892A2B4C-57D1-4CBE-8ACC-6C7D1A73805A}"
EndProject
Project("{9A19103F-16F7-4668-BE54-9A1E7A4F7556}") = "MauiDBlayer", "MauiDBlayer\MauiDBlayer.csproj", "{B2067A42-1BD9-42FB-B2F8-66028565C55C}"
EndProject
Project("{9A19103F-16F7-4668-BE54-9A1E7A4F7556}") = "DbModels", "DbModels\DbModels.csproj", "{0AEDDE51-C45F-43BB-A237-782B6008FCE8}"
EndProject
Project("{9A19103F-16F7-4668-BE54-9A1E7A4F7556}") = "BlazorWebsite", "BlazorWebsite\BlazorWebsite.csproj", "{12328A95-27D9-4BD8-8E2A-7FED815A1EE7}"
EndProject
Project("{9A19103F-16F7-4668-BE54-9A1E7A4F7556}") = "Components", "Components\Components.csproj", "{2C1E08C8-8494-4498-AD06-B5F236D3ECBC}"
EndProject
Global
	GlobalSection(SolutionConfigurationPlatforms) = preSolution
		Debug|Any CPU = Debug|Any CPU
		Release|Any CPU = Release|Any CPU
	EndGlobalSection
	GlobalSection(ProjectConfigurationPlatforms) = postSolution
		{43D8C4FE-FA61-4AC0-9169-F5D21DDFEF1C}.Debug|Any CPU.ActiveCfg = Debug|Any CPU
		{43D8C4FE-FA61-4AC0-9169-F5D21DDFEF1C}.Debug|Any CPU.Build.0 = Debug|Any CPU
		{43D8C4FE-FA61-4AC0-9169-F5D21DDFEF1C}.Release|Any CPU.ActiveCfg = Release|Any CPU
		{43D8C4FE-FA61-4AC0-9169-F5D21DDFEF1C}.Release|Any CPU.Build.0 = Release|Any CPU
		{C04E3F15-09DC-4040-B0C3-B295FDA54091}.Debug|Any CPU.ActiveCfg = Debug|Any CPU
		{C04E3F15-09DC-4040-B0C3-B295FDA54091}.Debug|Any CPU.Build.0 = Debug|Any CPU
		{C04E3F15-09DC-4040-B0C3-B295FDA54091}.Debug|Any CPU.Deploy.0 = Debug|Any CPU
		{C04E3F15-09DC-4040-B0C3-B295FDA54091}.Release|Any CPU.ActiveCfg = Release|Any CPU
		{C04E3F15-09DC-4040-B0C3-B295FDA54091}.Release|Any CPU.Build.0 = Release|Any CPU
		{C04E3F15-09DC-4040-B0C3-B295FDA54091}.Release|Any CPU.Deploy.0 = Release|Any CPU
		{FE91079E-2673-489D-A98F-FAF49C7D7A57}.Debug|Any CPU.ActiveCfg = Debug|Any CPU
		{FE91079E-2673-489D-A98F-FAF49C7D7A57}.Debug|Any CPU.Build.0 = Debug|Any CPU
		{FE91079E-2673-489D-A98F-FAF49C7D7A57}.Release|Any CPU.ActiveCfg = Release|Any CPU
		{FE91079E-2673-489D-A98F-FAF49C7D7A57}.Release|Any CPU.Build.0 = Release|Any CPU
		{B53F5002-1B53-4047-9B42-392416AB8D01}.Debug|Any CPU.ActiveCfg = Debug|Any CPU
		{B53F5002-1B53-4047-9B42-392416AB8D01}.Debug|Any CPU.Build.0 = Debug|Any CPU
		{B53F5002-1B53-4047-9B42-392416AB8D01}.Release|Any CPU.ActiveCfg = Release|Any CPU
		{B53F5002-1B53-4047-9B42-392416AB8D01}.Release|Any CPU.Build.0 = Release|Any CPU
		{D490090B-7D52-49D5-84C9-99D1600C7D24}.Debug|Any CPU.ActiveCfg = Debug|Any CPU
		{D490090B-7D52-49D5-84C9-99D1600C7D24}.Debug|Any CPU.Build.0 = Debug|Any CPU
		{D490090B-7D52-49D5-84C9-99D1600C7D24}.Release|Any CPU.ActiveCfg = Release|Any CPU
		{D490090B-7D52-49D5-84C9-99D1600C7D24}.Release|Any CPU.Build.0 = Release|Any CPU
		{B0D2EB61-EE10-4EA2-92DD-F6B1D377ADC2}.Debug|Any CPU.ActiveCfg = Debug|Any CPU
		{B0D2EB61-EE10-4EA2-92DD-F6B1D377ADC2}.Debug|Any CPU.Build.0 = Debug|Any CPU
		{B0D2EB61-EE10-4EA2-92DD-F6B1D377ADC2}.Release|Any CPU.ActiveCfg = Release|Any CPU
		{B0D2EB61-EE10-4EA2-92DD-F6B1D377ADC2}.Release|Any CPU.Build.0 = Release|Any CPU
		{7EAF6314-A4E3-466D-9CC8-62773FBBF96E}.Debug|Any CPU.ActiveCfg = Debug|Any CPU
		{7EAF6314-A4E3-466D-9CC8-62773FBBF96E}.Debug|Any CPU.Build.0 = Debug|Any CPU
		{7EAF6314-A4E3-466D-9CC8-62773FBBF96E}.Release|Any CPU.ActiveCfg = Release|Any CPU
		{7EAF6314-A4E3-466D-9CC8-62773FBBF96E}.Release|Any CPU.Build.0 = Release|Any CPU
		{485DE9E6-AEBB-4D29-887A-677544F2F72A}.Debug|Any CPU.ActiveCfg = Debug|Any CPU
		{485DE9E6-AEBB-4D29-887A-677544F2F72A}.Debug|Any CPU.Build.0 = Debug|Any CPU
		{485DE9E6-AEBB-4D29-887A-677544F2F72A}.Release|Any CPU.ActiveCfg = Release|Any CPU
		{485DE9E6-AEBB-4D29-887A-677544F2F72A}.Release|Any CPU.Build.0 = Release|Any CPU
		{892A2B4C-57D1-4CBE-8ACC-6C7D1A73805A}.Debug|Any CPU.ActiveCfg = Debug|Any CPU
		{892A2B4C-57D1-4CBE-8ACC-6C7D1A73805A}.Debug|Any CPU.Build.0 = Debug|Any CPU
		{892A2B4C-57D1-4CBE-8ACC-6C7D1A73805A}.Release|Any CPU.ActiveCfg = Release|Any CPU
		{892A2B4C-57D1-4CBE-8ACC-6C7D1A73805A}.Release|Any CPU.Build.0 = Release|Any CPU
		{B2067A42-1BD9-42FB-B2F8-66028565C55C}.Debug|Any CPU.ActiveCfg = Debug|Any CPU
		{B2067A42-1BD9-42FB-B2F8-66028565C55C}.Debug|Any CPU.Build.0 = Debug|Any CPU
		{B2067A42-1BD9-42FB-B2F8-66028565C55C}.Release|Any CPU.ActiveCfg = Release|Any CPU
		{B2067A42-1BD9-42FB-B2F8-66028565C55C}.Release|Any CPU.Build.0 = Release|Any CPU
		{0AEDDE51-C45F-43BB-A237-782B6008FCE8}.Debug|Any CPU.ActiveCfg = Debug|Any CPU
		{0AEDDE51-C45F-43BB-A237-782B6008FCE8}.Debug|Any CPU.Build.0 = Debug|Any CPU
		{0AEDDE51-C45F-43BB-A237-782B6008FCE8}.Release|Any CPU.ActiveCfg = Release|Any CPU
		{0AEDDE51-C45F-43BB-A237-782B6008FCE8}.Release|Any CPU.Build.0 = Release|Any CPU
		{12328A95-27D9-4BD8-8E2A-7FED815A1EE7}.Debug|Any CPU.ActiveCfg = Debug|Any CPU
		{12328A95-27D9-4BD8-8E2A-7FED815A1EE7}.Debug|Any CPU.Build.0 = Debug|Any CPU
		{12328A95-27D9-4BD8-8E2A-7FED815A1EE7}.Release|Any CPU.ActiveCfg = Release|Any CPU
		{12328A95-27D9-4BD8-8E2A-7FED815A1EE7}.Release|Any CPU.Build.0 = Release|Any CPU
		{2C1E08C8-8494-4498-AD06-B5F236D3ECBC}.Debug|Any CPU.ActiveCfg = Debug|Any CPU
		{2C1E08C8-8494-4498-AD06-B5F236D3ECBC}.Debug|Any CPU.Build.0 = Debug|Any CPU
		{2C1E08C8-8494-4498-AD06-B5F236D3ECBC}.Release|Any CPU.ActiveCfg = Release|Any CPU
		{2C1E08C8-8494-4498-AD06-B5F236D3ECBC}.Release|Any CPU.Build.0 = Release|Any CPU
	EndGlobalSection
	GlobalSection(SolutionProperties) = preSolution
		HideSolutionNode = FALSE
	EndGlobalSection
	GlobalSection(NestedProjects) = preSolution
		{43D8C4FE-FA61-4AC0-9169-F5D21DDFEF1C} = {7B217216-1DE9-40BB-AF96-ECA4BC34698A}
		{C04E3F15-09DC-4040-B0C3-B295FDA54091} = {48D09BE2-ACEE-4A61-8E3A-465A1C7A9FF7}
		{FE91079E-2673-489D-A98F-FAF49C7D7A57} = {8A41B830-6152-4EBE-826A-90220612AEA4}
		{B53F5002-1B53-4047-9B42-392416AB8D01} = {8A41B830-6152-4EBE-826A-90220612AEA4}
		{D490090B-7D52-49D5-84C9-99D1600C7D24} = {7B217216-1DE9-40BB-AF96-ECA4BC34698A}
		{B0D2EB61-EE10-4EA2-92DD-F6B1D377ADC2} = {7B217216-1DE9-40BB-AF96-ECA4BC34698A}
		{7EAF6314-A4E3-466D-9CC8-62773FBBF96E} = {2BCB4462-0EC1-434F-AB6E-A900D4245D95}
		{485DE9E6-AEBB-4D29-887A-677544F2F72A} = {2BCB4462-0EC1-434F-AB6E-A900D4245D95}
		{892A2B4C-57D1-4CBE-8ACC-6C7D1A73805A} = {48D09BE2-ACEE-4A61-8E3A-465A1C7A9FF7}
		{B2067A42-1BD9-42FB-B2F8-66028565C55C} = {48D09BE2-ACEE-4A61-8E3A-465A1C7A9FF7}
		{0AEDDE51-C45F-43BB-A237-782B6008FCE8} = {8A41B830-6152-4EBE-826A-90220612AEA4}
		{12328A95-27D9-4BD8-8E2A-7FED815A1EE7} = {2BCB4462-0EC1-434F-AB6E-A900D4245D95}
		{2C1E08C8-8494-4498-AD06-B5F236D3ECBC} = {2BCB4462-0EC1-434F-AB6E-A900D4245D95}
	EndGlobalSection
	GlobalSection(ExtensibilityGlobals) = postSolution
		SolutionGuid = {E40AE6C8-90E1-4A58-8A16-ED07A337F8B1}
	EndGlobalSection
EndGlobal
